
Microsoft Visual Studio Solution File, Format Version 12.00
# Visual Studio 15
VisualStudioVersion = 15.0.28307.489
MinimumVisualStudioVersion = 10.0.40219.1
Project("{FAE04EC0-301F-11D3-BF4B-00C04F79EFBC}") = "DesignPattern", "DesignPattern\DesignPattern.csproj", "{D1B88394-9DD8-4E73-8671-07D23E79B23C}"
EndProject
Global
	GlobalSection(SolutionConfigurationPlatforms) = preSolution
		Debug|Any CPU = Debug|Any CPU
		Release|Any CPU = Release|Any CPU
	EndGlobalSection
	GlobalSection(ProjectConfigurationPlatforms) = postSolution
		{D1B88394-9DD8-4E73-8671-07D23E79B23C}.Debug|Any CPU.ActiveCfg = Debug|Any CPU
		{D1B88394-9DD8-4E73-8671-07D23E79B23C}.Debug|Any CPU.Build.0 = Debug|Any CPU
		{D1B88394-9DD8-4E73-8671-07D23E79B23C}.Release|Any CPU.ActiveCfg = Release|Any CPU
		{D1B88394-9DD8-4E73-8671-07D23E79B23C}.Release|Any CPU.Build.0 = Release|Any CPU
	EndGlobalSection
	GlobalSection(SolutionProperties) = preSolution
		HideSolutionNode = FALSE
	EndGlobalSection
	GlobalSection(ExtensibilityGlobals) = postSolution
		SolutionGuid = {3A58FC48-BBC0-4607-A44E-8202C3D05265}
	EndGlobalSection
EndGlobal
